// !$*UTF8*$!
{
	archiveVersion = 1;
	classes = {
	};
	objectVersion = 50;
	objects = {

/* Begin PBXBuildFile section */
		041A638E242051FE0046DE7C /* AppDelegate.m in Sources */ = {isa = PBXBuildFile; fileRef = 041A638D242051FE0046DE7C /* AppDelegate.m */; };
		041A6391242051FE0046DE7C /* SceneDelegate.m in Sources */ = {isa = PBXBuildFile; fileRef = 041A6390242051FE0046DE7C /* SceneDelegate.m */; };
		041A6394242051FE0046DE7C /* ViewController.m in Sources */ = {isa = PBXBuildFile; fileRef = 041A6393242051FE0046DE7C /* ViewController.m */; };
		041A6397242051FE0046DE7C /* Main.storyboard in Resources */ = {isa = PBXBuildFile; fileRef = 041A6395242051FE0046DE7C /* Main.storyboard */; };
		041A6399242051FF0046DE7C /* Assets.xcassets in Resources */ = {isa = PBXBuildFile; fileRef = 041A6398242051FF0046DE7C /* Assets.xcassets */; };
		041A639C242051FF0046DE7C /* LaunchScreen.storyboard in Resources */ = {isa = PBXBuildFile; fileRef = 041A639A242051FF0046DE7C /* LaunchScreen.storyboard */; };
		041A639F242051FF0046DE7C /* main.m in Sources */ = {isa = PBXBuildFile; fileRef = 041A639E242051FF0046DE7C /* main.m */; };
		041A63A9242052000046DE7C /* GitLearnTests.m in Sources */ = {isa = PBXBuildFile; fileRef = 041A63A8242052000046DE7C /* GitLearnTests.m */; };
		041A63B4242052000046DE7C /* GitLearnUITests.m in Sources */ = {isa = PBXBuildFile; fileRef = 041A63B3242052000046DE7C /* GitLearnUITests.m */; };
/* End PBXBuildFile section */

/* Begin PBXContainerItemProxy section */
		041A63A5242052000046DE7C /* PBXContainerItemProxy */ = {
			isa = PBXContainerItemProxy;
			containerPortal = 041A6381242051FE0046DE7C /* Project object */;
			proxyType = 1;
			remoteGlobalIDString = 041A6388242051FE0046DE7C;
			remoteInfo = GitLearn;
		};
		041A63B0242052000046DE7C /* PBXContainerItemProxy */ = {
			isa = PBXContainerItemProxy;
			containerPortal = 041A6381242051FE0046DE7C /* Project object */;
			proxyType = 1;
			remoteGlobalIDString = 041A6388242051FE0046DE7C;
			remoteInfo = GitLearn;
		};
/* End PBXContainerItemProxy section */

/* Begin PBXFileReference section */
		041A6389242051FE0046DE7C /* GitLearn.app */ = {isa = PBXFileReference; explicitFileType = wrapper.application; includeInIndex = 0; path = GitLearn.app; sourceTree = BUILT_PRODUCTS_DIR; };
		041A638C242051FE0046DE7C /* AppDelegate.h */ = {isa = PBXFileReference; lastKnownFileType = sourcecode.c.h; path = AppDelegate.h; sourceTree = "<group>"; };
		041A638D242051FE0046DE7C /* AppDelegate.m */ = {isa = PBXFileReference; lastKnownFileType = sourcecode.c.objc; path = AppDelegate.m; sourceTree = "<group>"; };
		041A638F242051FE0046DE7C /* SceneDelegate.h */ = {isa = PBXFileReference; lastKnownFileType = sourcecode.c.h; path = SceneDelegate.h; sourceTree = "<group>"; };
		041A6390242051FE0046DE7C /* SceneDelegate.m */ = {isa = PBXFileReference; lastKnownFileType = sourcecode.c.objc; path = SceneDelegate.m; sourceTree = "<group>"; };
		041A6392242051FE0046DE7C /* ViewController.h */ = {isa = PBXFileReference; lastKnownFileType = sourcecode.c.h; path = ViewController.h; sourceTree = "<group>"; };
		041A6393242051FE0046DE7C /* ViewController.m */ = {isa = PBXFileReference; lastKnownFileType = sourcecode.c.objc; path = ViewController.m; sourceTree = "<group>"; };
		041A6396242051FE0046DE7C /* Base */ = {isa = PBXFileReference; lastKnownFileType = file.storyboard; name = Base; path = Base.lproj/Main.storyboard; sourceTree = "<group>"; };
		041A6398242051FF0046DE7C /* Assets.xcassets */ = {isa = PBXFileReference; lastKnownFileType = folder.assetcatalog; path = Assets.xcassets; sourceTree = "<group>"; };
		041A639B242051FF0046DE7C /* Base */ = {isa = PBXFileReference; lastKnownFileType = file.storyboard; name = Base; path = Base.lproj/LaunchScreen.storyboard; sourceTree = "<group>"; };
		041A639D242051FF0046DE7C /* Info.plist */ = {isa = PBXFileReference; lastKnownFileType = text.plist.xml; path = Info.plist; sourceTree = "<group>"; };
		041A639E242051FF0046DE7C /* main.m */ = {isa = PBXFileReference; lastKnownFileType = sourcecode.c.objc; path = main.m; sourceTree = "<group>"; };
		041A63A4242052000046DE7C /* GitLearnTests.xctest */ = {isa = PBXFileReference; explicitFileType = wrapper.cfbundle; includeInIndex = 0; path = GitLearnTests.xctest; sourceTree = BUILT_PRODUCTS_DIR; };
		041A63A8242052000046DE7C /* GitLearnTests.m */ = {isa = PBXFileReference; lastKnownFileType = sourcecode.c.objc; path = GitLearnTests.m; sourceTree = "<group>"; };
		041A63AA242052000046DE7C /* Info.plist */ = {isa = PBXFileReference; lastKnownFileType = text.plist.xml; path = Info.plist; sourceTree = "<group>"; };
		041A63AF242052000046DE7C /* GitLearnUITests.xctest */ = {isa = PBXFileReference; explicitFileType = wrapper.cfbundle; includeInIndex = 0; path = GitLearnUITests.xctest; sourceTree = BUILT_PRODUCTS_DIR; };
		041A63B3242052000046DE7C /* GitLearnUITests.m */ = {isa = PBXFileReference; lastKnownFileType = sourcecode.c.objc; path = GitLearnUITests.m; sourceTree = "<group>"; };
		041A63B5242052000046DE7C /* Info.plist */ = {isa = PBXFileReference; lastKnownFileType = text.plist.xml; path = Info.plist; sourceTree = "<group>"; };
/* End PBXFileReference section */

/* Begin PBXFrameworksBuildPhase section */
		041A6386242051FE0046DE7C /* Frameworks */ = {
			isa = PBXFrameworksBuildPhase;
			buildActionMask = 2147483647;
			files = (
			);
			runOnlyForDeploymentPostprocessing = 0;
		};
		041A63A1242052000046DE7C /* Frameworks */ = {
			isa = PBXFrameworksBuildPhase;
			buildActionMask = 2147483647;
			files = (
			);
			runOnlyForDeploymentPostprocessing = 0;
		};
		041A63AC242052000046DE7C /* Frameworks */ = {
			isa = PBXFrameworksBuildPhase;
			buildActionMask = 2147483647;
			files = (
			);
			runOnlyForDeploymentPostprocessing = 0;
		};
/* End PBXFrameworksBuildPhase section */

/* Begin PBXGroup section */
		041A6380242051FE0046DE7C = {
			isa = PBXGroup;
			children = (
				041A638B242051FE0046DE7C /* GitLearn */,
				041A63A7242052000046DE7C /* GitLearnTests */,
				041A63B2242052000046DE7C /* GitLearnUITests */,
				041A638A242051FE0046DE7C /* Products */,
			);
			sourceTree = "<group>";
		};
		041A638A242051FE0046DE7C /* Products */ = {
			isa = PBXGroup;
			children = (
				041A6389242051FE0046DE7C /* GitLearn.app */,
				041A63A4242052000046DE7C /* GitLearnTests.xctest */,
				041A63AF242052000046DE7C /* GitLearnUITests.xctest */,
			);
			name = Products;
			sourceTree = "<group>";
		};
		041A638B242051FE0046DE7C /* GitLearn */ = {
			isa = PBXGroup;
			children = (
				041A638C242051FE0046DE7C /* AppDelegate.h */,
				041A638D242051FE0046DE7C /* AppDelegate.m */,
				041A638F242051FE0046DE7C /* SceneDelegate.h */,
				041A6390242051FE0046DE7C /* SceneDelegate.m */,
				041A6392242051FE0046DE7C /* ViewController.h */,
				041A6393242051FE0046DE7C /* ViewController.m */,
				041A6395242051FE0046DE7C /* Main.storyboard */,
				041A6398242051FF0046DE7C /* Assets.xcassets */,
				041A639A242051FF0046DE7C /* LaunchScreen.storyboard */,
				041A639D242051FF0046DE7C /* Info.plist */,
				041A639E242051FF0046DE7C /* main.m */,
			);
			path = GitLearn;
			sourceTree = "<group>";
		};
		041A63A7242052000046DE7C /* GitLearnTests */ = {
			isa = PBXGroup;
			children = (
				041A63A8242052000046DE7C /* GitLearnTests.m */,
				041A63AA242052000046DE7C /* Info.plist */,
			);
			path = GitLearnTests;
			sourceTree = "<group>";
		};
		041A63B2242052000046DE7C /* GitLearnUITests */ = {
			isa = PBXGroup;
			children = (
				041A63B3242052000046DE7C /* GitLearnUITests.m */,
				041A63B5242052000046DE7C /* Info.plist */,
			);
			path = GitLearnUITests;
			sourceTree = "<group>";
		};
/* End PBXGroup section */

/* Begin PBXNativeTarget section */
		041A6388242051FE0046DE7C /* GitLearn */ = {
			isa = PBXNativeTarget;
			buildConfigurationList = 041A63B8242052000046DE7C /* Build configuration list for PBXNativeTarget "GitLearn" */;
			buildPhases = (
				041A6385242051FE0046DE7C /* Sources */,
				041A6386242051FE0046DE7C /* Frameworks */,
				041A6387242051FE0046DE7C /* Resources */,
			);
			buildRules = (
			);
			dependencies = (
			);
			name = GitLearn;
			productName = GitLearn;
			productReference = 041A6389242051FE0046DE7C /* GitLearn.app */;
			productType = "com.apple.product-type.application";
		};
		041A63A3242052000046DE7C /* GitLearnTests */ = {
			isa = PBXNativeTarget;
			buildConfigurationList = 041A63BB242052000046DE7C /* Build configuration list for PBXNativeTarget "GitLearnTests" */;
			buildPhases = (
				041A63A0242052000046DE7C /* Sources */,
				041A63A1242052000046DE7C /* Frameworks */,
				041A63A2242052000046DE7C /* Resources */,
			);
			buildRules = (
			);
			dependencies = (
				041A63A6242052000046DE7C /* PBXTargetDependency */,
			);
			name = GitLearnTests;
			productName = GitLearnTests;
			productReference = 041A63A4242052000046DE7C /* GitLearnTests.xctest */;
			productType = "com.apple.product-type.bundle.unit-test";
		};
		041A63AE242052000046DE7C /* GitLearnUITests */ = {
			isa = PBXNativeTarget;
			buildConfigurationList = 041A63BE242052000046DE7C /* Build configuration list for PBXNativeTarget "GitLearnUITests" */;
			buildPhases = (
				041A63AB242052000046DE7C /* Sources */,
				041A63AC242052000046DE7C /* Frameworks */,
				041A63AD242052000046DE7C /* Resources */,
			);
			buildRules = (
			);
			dependencies = (
				041A63B1242052000046DE7C /* PBXTargetDependency */,
			);
			name = GitLearnUITests;
			productName = GitLearnUITests;
			productReference = 041A63AF242052000046DE7C /* GitLearnUITests.xctest */;
			productType = "com.apple.product-type.bundle.ui-testing";
		};
/* End PBXNativeTarget section */

/* Begin PBXProject section */
		041A6381242051FE0046DE7C /* Project object */ = {
			isa = PBXProject;
			attributes = {
				LastUpgradeCheck = 1130;
				ORGANIZATIONNAME = shunzhi;
				TargetAttributes = {
					041A6388242051FE0046DE7C = {
						CreatedOnToolsVersion = 11.3;
					};
					041A63A3242052000046DE7C = {
						CreatedOnToolsVersion = 11.3;
						TestTargetID = 041A6388242051FE0046DE7C;
					};
					041A63AE242052000046DE7C = {
						CreatedOnToolsVersion = 11.3;
						TestTargetID = 041A6388242051FE0046DE7C;
					};
				};
			};
			buildConfigurationList = 041A6384242051FE0046DE7C /* Build configuration list for PBXProject "GitLearn" */;
			compatibilityVersion = "Xcode 9.3";
			developmentRegion = en;
			hasScannedForEncodings = 0;
			knownRegions = (
				en,
				Base,
			);
			mainGroup = 041A6380242051FE0046DE7C;
			productRefGroup = 041A638A242051FE0046DE7C /* Products */;
			projectDirPath = "";
			projectRoot = "";
			targets = (
				041A6388242051FE0046DE7C /* GitLearn */,
				041A63A3242052000046DE7C /* GitLearnTests */,
				041A63AE242052000046DE7C /* GitLearnUITests */,
			);
		};
/* End PBXProject section */

/* Begin PBXResourcesBuildPhase section */
		041A6387242051FE0046DE7C /* Resources */ = {
			isa = PBXResourcesBuildPhase;
			buildActionMask = 2147483647;
			files = (
				041A639C242051FF0046DE7C /* LaunchScreen.storyboard in Resources */,
				041A6399242051FF0046DE7C /* Assets.xcassets in Resources */,
				041A6397242051FE0046DE7C /* Main.storyboard in Resources */,
			);
			runOnlyForDeploymentPostprocessing = 0;
		};
		041A63A2242052000046DE7C /* Resources */ = {
			isa = PBXResourcesBuildPhase;
			buildActionMask = 2147483647;
			files = (
			);
			runOnlyForDeploymentPostprocessing = 0;
		};
		041A63AD242052000046DE7C /* Resources */ = {
			isa = PBXResourcesBuildPhase;
			buildActionMask = 2147483647;
			files = (
			);
			runOnlyForDeploymentPostprocessing = 0;
		};
/* End PBXResourcesBuildPhase section */

/* Begin PBXSourcesBuildPhase section */
		041A6385242051FE0046DE7C /* Sources */ = {
			isa = PBXSourcesBuildPhase;
			buildActionMask = 2147483647;
			files = (
				041A6394242051FE0046DE7C /* ViewController.m in Sources */,
				041A638E242051FE0046DE7C /* AppDelegate.m in Sources */,
				041A639F242051FF0046DE7C /* main.m in Sources */,
				041A6391242051FE0046DE7C /* SceneDelegate.m in Sources */,
			);
			runOnlyForDeploymentPostprocessing = 0;
		};
		041A63A0242052000046DE7C /* Sources */ = {
			isa = PBXSourcesBuildPhase;
			buildActionMask = 2147483647;
			files = (
				041A63A9242052000046DE7C /* GitLearnTests.m in Sources */,
			);
			runOnlyForDeploymentPostprocessing = 0;
		};
		041A63AB242052000046DE7C /* Sources */ = {
			isa = PBXSourcesBuildPhase;
			buildActionMask = 2147483647;
			files = (
				041A63B4242052000046DE7C /* GitLearnUITests.m in Sources */,
			);
			runOnlyForDeploymentPostprocessing = 0;
		};
/* End PBXSourcesBuildPhase section */

/* Begin PBXTargetDependency section */
		041A63A6242052000046DE7C /* PBXTargetDependency */ = {
			isa = PBXTargetDependency;
			target = 041A6388242051FE0046DE7C /* GitLearn */;
			targetProxy = 041A63A5242052000046DE7C /* PBXContainerItemProxy */;
		};
		041A63B1242052000046DE7C /* PBXTargetDependency */ = {
			isa = PBXTargetDependency;
			target = 041A6388242051FE0046DE7C /* GitLearn */;
			targetProxy = 041A63B0242052000046DE7C /* PBXContainerItemProxy */;
		};
/* End PBXTargetDependency section */

/* Begin PBXVariantGroup section */
		041A6395242051FE0046DE7C /* Main.storyboard */ = {
			isa = PBXVariantGroup;
			children = (
				041A6396242051FE0046DE7C /* Base */,
			);
			name = Main.storyboard;
			sourceTree = "<group>";
		};
		041A639A242051FF0046DE7C /* LaunchScreen.storyboard */ = {
			isa = PBXVariantGroup;
			children = (
				041A639B242051FF0046DE7C /* Base */,
			);
			name = LaunchScreen.storyboard;
			sourceTree = "<group>";
		};
/* End PBXVariantGroup section */

/* Begin XCBuildConfiguration section */
		041A63B6242052000046DE7C /* Debug */ = {
			isa = XCBuildConfiguration;
			buildSettings = {
				ALWAYS_SEARCH_USER_PATHS = NO;
				CLANG_ANALYZER_NONNULL = YES;
				CLANG_ANALYZER_NUMBER_OBJECT_CONVERSION = YES_AGGRESSIVE;
				CLANG_CXX_LANGUAGE_STANDARD = "gnu++14";
				CLANG_CXX_LIBRARY = "libc++";
				CLANG_ENABLE_MODULES = YES;
				CLANG_ENABLE_OBJC_ARC = YES;
				CLANG_ENABLE_OBJC_WEAK = YES;
				CLANG_WARN_BLOCK_CAPTURE_AUTORELEASING = YES;
				CLANG_WARN_BOOL_CONVERSION = YES;
				CLANG_WARN_COMMA = YES;
				CLANG_WARN_CONSTANT_CONVERSION = YES;
				CLANG_WARN_DEPRECATED_OBJC_IMPLEMENTATIONS = YES;
				CLANG_WARN_DIRECT_OBJC_ISA_USAGE = YES_ERROR;
				CLANG_WARN_DOCUMENTATION_COMMENTS = YES;
				CLANG_WARN_EMPTY_BODY = YES;
				CLANG_WARN_ENUM_CONVERSION = YES;
				CLANG_WARN_INFINITE_RECURSION = YES;
				CLANG_WARN_INT_CONVERSION = YES;
				CLANG_WARN_NON_LITERAL_NULL_CONVERSION = YES;
				CLANG_WARN_OBJC_IMPLICIT_RETAIN_SELF = YES;
				CLANG_WARN_OBJC_LITERAL_CONVERSION = YES;
				CLANG_WARN_OBJC_ROOT_CLASS = YES_ERROR;
				CLANG_WARN_RANGE_LOOP_ANALYSIS = YES;
				CLANG_WARN_STRICT_PROTOTYPES = YES;
				CLANG_WARN_SUSPICIOUS_MOVE = YES;
				CLANG_WARN_UNGUARDED_AVAILABILITY = YES_AGGRESSIVE;
				CLANG_WARN_UNREACHABLE_CODE = YES;
				CLANG_WARN__DUPLICATE_METHOD_MATCH = YES;
				COPY_PHASE_STRIP = NO;
				DEBUG_INFORMATION_FORMAT = dwarf;
				ENABLE_STRICT_OBJC_MSGSEND = YES;
				ENABLE_TESTABILITY = YES;
				GCC_C_LANGUAGE_STANDARD = gnu11;
				GCC_DYNAMIC_NO_PIC = NO;
				GCC_NO_COMMON_BLOCKS = YES;
				GCC_OPTIMIZATION_LEVEL = 0;
				GCC_PREPROCESSOR_DEFINITIONS = (
					"DEBUG=1",
					"$(inherited)",
				);
				GCC_WARN_64_TO_32_BIT_CONVERSION = YES;
				GCC_WARN_ABOUT_RETURN_TYPE = YES_ERROR;
				GCC_WARN_UNDECLARED_SELECTOR = YES;
				GCC_WARN_UNINITIALIZED_AUTOS = YES_AGGRESSIVE;
				GCC_WARN_UNUSED_FUNCTION = YES;
				GCC_WARN_UNUSED_VARIABLE = YES;
				IPHONEOS_DEPLOYMENT_TARGET = 13.2;
				MTL_ENABLE_DEBUG_INFO = INCLUDE_SOURCE;
				MTL_FAST_MATH = YES;
				ONLY_ACTIVE_ARCH = YES;
				SDKROOT = iphoneos;
			};
			name = Debug;
		};
		041A63B7242052000046DE7C /* Release */ = {
			isa = XCBuildConfiguration;
			buildSettings = {
				ALWAYS_SEARCH_USER_PATHS = NO;
				CLANG_ANALYZER_NONNULL = YES;
				CLANG_ANALYZER_NUMBER_OBJECT_CONVERSION = YES_AGGRESSIVE;
				CLANG_CXX_LANGUAGE_STANDARD = "gnu++14";
				CLANG_CXX_LIBRARY = "libc++";
				CLANG_ENABLE_MODULES = YES;
				CLANG_ENABLE_OBJC_ARC = YES;
				CLANG_ENABLE_OBJC_WEAK = YES;
				CLANG_WARN_BLOCK_CAPTURE_AUTORELEASING = YES;
				CLANG_WARN_BOOL_CONVERSION = YES;
				CLANG_WARN_COMMA = YES;
				CLANG_WARN_CONSTANT_CONVERSION = YES;
				CLANG_WARN_DEPRECATED_OBJC_IMPLEMENTATIONS = YES;
				CLANG_WARN_DIRECT_OBJC_ISA_USAGE = YES_ERROR;
				CLANG_WARN_DOCUMENTATION_COMMENTS = YES;
				CLANG_WARN_EMPTY_BODY = YES;
				CLANG_WARN_ENUM_CONVERSION = YES;
				CLANG_WARN_INFINITE_RECURSION = YES;
				CLANG_WARN_INT_CONVERSION = YES;
				CLANG_WARN_NON_LITERAL_NULL_CONVERSION = YES;
				CLANG_WARN_OBJC_IMPLICIT_RETAIN_SELF = YES;
				CLANG_WARN_OBJC_LITERAL_CONVERSION = YES;
				CLANG_WARN_OBJC_ROOT_CLASS = YES_ERROR;
				CLANG_WARN_RANGE_LOOP_ANALYSIS = YES;
				CLANG_WARN_STRICT_PROTOTYPES = YES;
				CLANG_WARN_SUSPICIOUS_MOVE = YES;
				CLANG_WARN_UNGUARDED_AVAILABILITY = YES_AGGRESSIVE;
				CLANG_WARN_UNREACHABLE_CODE = YES;
				CLANG_WARN__DUPLICATE_METHOD_MATCH = YES;
				COPY_PHASE_STRIP = NO;
				DEBUG_INFORMATION_FORMAT = "dwarf-with-dsym";
				ENABLE_NS_ASSERTIONS = NO;
				ENABLE_STRICT_OBJC_MSGSEND = YES;
				GCC_C_LANGUAGE_STANDARD = gnu11;
				GCC_NO_COMMON_BLOCKS = YES;
				GCC_WARN_64_TO_32_BIT_CONVERSION = YES;
				GCC_WARN_ABOUT_RETURN_TYPE = YES_ERROR;
				GCC_WARN_UNDECLARED_SELECTOR = YES;
				GCC_WARN_UNINITIALIZED_AUTOS = YES_AGGRESSIVE;
				GCC_WARN_UNUSED_FUNCTION = YES;
				GCC_WARN_UNUSED_VARIABLE = YES;
				IPHONEOS_DEPLOYMENT_TARGET = 13.2;
				MTL_ENABLE_DEBUG_INFO = NO;
				MTL_FAST_MATH = YES;
				SDKROOT = iphoneos;
				VALIDATE_PRODUCT = YES;
			};
			name = Release;
		};
		041A63B9242052000046DE7C /* Debug */ = {
			isa = XCBuildConfiguration;
			buildSettings = {
				ASSETCATALOG_COMPILER_APPICON_NAME = AppIcon;
				CODE_SIGN_STYLE = Automatic;
				DEVELOPMENT_TEAM = 29JDTD5HGS;
				INFOPLIST_FILE = GitLearn/Info.plist;
				LD_RUNPATH_SEARCH_PATHS = (
					"$(inherited)",
					"@executable_path/Frameworks",
				);
				PRODUCT_BUNDLE_IDENTIFIER = com.shunzhi.GitLearn;
				PRODUCT_NAME = "$(TARGET_NAME)";
				TARGETED_DEVICE_FAMILY = "1,2";
			};
			name = Debug;
		};
		041A63BA242052000046DE7C /* Release */ = {
			isa = XCBuildConfiguration;
			buildSettings = {
				ASSETCATALOG_COMPILER_APPICON_NAME = AppIcon;
				CODE_SIGN_STYLE = Automatic;
				DEVELOPMENT_TEAM = 29JDTD5HGS;
				INFOPLIST_FILE = GitLearn/Info.plist;
				LD_RUNPATH_SEARCH_PATHS = (
					"$(inherited)",
					"@executable_path/Frameworks",
				);
				PRODUCT_BUNDLE_IDENTIFIER = com.shunzhi.GitLearn;
				PRODUCT_NAME = "$(TARGET_NAME)";
				TARGETED_DEVICE_FAMILY = "1,2";
			};
			name = Release;
		};
		041A63BC242052000046DE7C /* Debug */ = {
			isa = XCBuildConfiguration;
			buildSettings = {
				BUNDLE_LOADER = "$(TEST_HOST)";
				CODE_SIGN_STYLE = Automatic;
				DEVELOPMENT_TEAM = 29JDTD5HGS;
				INFOPLIST_FILE = GitLearnTests/Info.plist;
				IPHONEOS_DEPLOYMENT_TARGET = 13.2;
				LD_RUNPATH_SEARCH_PATHS = (
					"$(inherited)",
					"@executable_path/Frameworks",
					"@loader_path/Frameworks",
				);
				PRODUCT_BUNDLE_IDENTIFIER = com.shunzhi.GitLearnTests;
				PRODUCT_NAME = "$(TARGET_NAME)";
				TARGETED_DEVICE_FAMILY = "1,2";
				TEST_HOST = "$(BUILT_PRODUCTS_DIR)/GitLearn.app/GitLearn";
			};
			name = Debug;
		};
		041A63BD242052000046DE7C /* Release */ = {
			isa = XCBuildConfiguration;
			buildSettings = {
				BUNDLE_LOADER = "$(TEST_HOST)";
				CODE_SIGN_STYLE = Automatic;
				DEVELOPMENT_TEAM = 29JDTD5HGS;
				INFOPLIST_FILE = GitLearnTests/Info.plist;
				IPHONEOS_DEPLOYMENT_TARGET = 13.2;
				LD_RUNPATH_SEARCH_PATHS = (
					"$(inherited)",
					"@executable_path/Frameworks",
					"@loader_path/Frameworks",
				);
				PRODUCT_BUNDLE_IDENTIFIER = com.shunzhi.GitLearnTests;
				PRODUCT_NAME = "$(TARGET_NAME)";
				TARGETED_DEVICE_FAMILY = "1,2";
				TEST_HOST = "$(BUILT_PRODUCTS_DIR)/GitLearn.app/GitLearn";
			};
			name = Release;
		};
		041A63BF242052000046DE7C /* Debug */ = {
			isa = XCBuildConfiguration;
			buildSettings = {
				CODE_SIGN_STYLE = Automatic;
				DEVELOPMENT_TEAM = 29JDTD5HGS;
				INFOPLIST_FILE = GitLearnUITests/Info.plist;
				LD_RUNPATH_SEARCH_PATHS = (
					"$(inherited)",
					"@executable_path/Frameworks",
					"@loader_path/Frameworks",
				);
				PRODUCT_BUNDLE_IDENTIFIER = com.shunzhi.GitLearnUITests;
				PRODUCT_NAME = "$(TARGET_NAME)";
				TARGETED_DEVICE_FAMILY = "1,2";
				TEST_TARGET_NAME = GitLearn;
			};
			name = Debug;
		};
		041A63C0242052000046DE7C /* Release */ = {
			isa = XCBuildConfiguration;
			buildSettings = {
				CODE_SIGN_STYLE = Automatic;
				DEVELOPMENT_TEAM = 29JDTD5HGS;
				INFOPLIST_FILE = GitLearnUITests/Info.plist;
				LD_RUNPATH_SEARCH_PATHS = (
					"$(inherited)",
					"@executable_path/Frameworks",
					"@loader_path/Frameworks",
				);
				PRODUCT_BUNDLE_IDENTIFIER = com.shunzhi.GitLearnUITests;
				PRODUCT_NAME = "$(TARGET_NAME)";
				TARGETED_DEVICE_FAMILY = "1,2";
				TEST_TARGET_NAME = GitLearn;
			};
			name = Release;
		};
/* End XCBuildConfiguration section */

/* Begin XCConfigurationList section */
		041A6384242051FE0046DE7C /* Build configuration list for PBXProject "GitLearn" */ = {
			isa = XCConfigurationList;
			buildConfigurations = (
				041A63B6242052000046DE7C /* Debug */,
				041A63B7242052000046DE7C /* Release */,
			);
			defaultConfigurationIsVisible = 0;
			defaultConfigurationName = Release;
		};
		041A63B8242052000046DE7C /* Build configuration list for PBXNativeTarget "GitLearn" */ = {
			isa = XCConfigurationList;
			buildConfigurations = (
				041A63B9242052000046DE7C /* Debug */,
				041A63BA242052000046DE7C /* Release */,
			);
			defaultConfigurationIsVisible = 0;
			defaultConfigurationName = Release;
		};
		041A63BB242052000046DE7C /* Build configuration list for PBXNativeTarget "GitLearnTests" */ = {
			isa = XCConfigurationList;
			buildConfigurations = (
				041A63BC242052000046DE7C /* Debug */,
				041A63BD242052000046DE7C /* Release */,
			);
			defaultConfigurationIsVisible = 0;
			defaultConfigurationName = Release;
		};
		041A63BE242052000046DE7C /* Build configuration list for PBXNativeTarget "GitLearnUITests" */ = {
			isa = XCConfigurationList;
			buildConfigurations = (
				041A63BF242052000046DE7C /* Debug */,
				041A63C0242052000046DE7C /* Release */,
			);
			defaultConfigurationIsVisible = 0;
			defaultConfigurationName = Release;
		};
/* End XCConfigurationList section */
	};
	rootObject = 041A6381242051FE0046DE7C /* Project object */;
}
